<?xml version="1.0" encoding="utf-8"?>
<Project ToolsVersion="4.0" xmlns="http://schemas.microsoft.com/developer/msbuild/2003">
  <ItemGroup>
    <Filter Include="Исходные файлы">
      <UniqueIdentifier>{4FC737F1-C7A5-4376-A066-2A32D752A2FF}</UniqueIdentifier>
      <Extensions>cpp;c;cc;cxx;c++;cppm;ixx;def;odl;idl;hpj;bat;asm;asmx</Extensions>
    </Filter>
    <Filter Include="Файлы заголовков">
      <UniqueIdentifier>{93995380-89BD-4b04-88EB-625FBE52EBFB}</UniqueIdentifier>
      <Extensions>h;hh;hpp;hxx;h++;hm;inl;inc;ipp;xsd</Extensions>
    </Filter>
    <Filter Include="Файлы ресурсов">
      <UniqueIdentifier>{67DA6AB6-F800-4c08-8B7A-83BB121AAD01}</UniqueIdentifier>
      <Extensions>rc;ico;cur;bmp;dlg;rc2;rct;bin;rgs;gif;jpg;jpeg;jpe;resx;tiff;tif;png;wav;mfcribbon-ms</Extensions>
    </Filter>
    <Filter Include="Исходные файлы\Blackjack">
      <UniqueIdentifier>{4d621a2e-8da5-42ff-94d3-ee12f106e1e9}</UniqueIdentifier>
    </Filter>
    <Filter Include="Файлы заголовков\BlackJack">
      <UniqueIdentifier>{46b06499-43c4-4a84-954d-9b522da48306}</UniqueIdentifier>
    </Filter>
  </ItemGroup>
  <ItemGroup>
    <ClCompile Include="Person.cpp">
      <Filter>Исходные файлы</Filter>
    </ClCompile>
    <ClCompile Include="main.cpp">
      <Filter>Исходные файлы</Filter>
    </ClCompile>
    <ClCompile Include="Fruit.cpp">
      <Filter>Исходные файлы</Filter>
    </ClCompile>
    <ClCompile Include="BlackJack.cpp">
      <Filter>Исходные файлы\Blackjack</Filter>
    </ClCompile>
    <ClCompile Include="Player.cpp">
      <Filter>Исходные файлы\Blackjack</Filter>
    </ClCompile>
    <ClCompile Include="Dealer.cpp">
      <Filter>Исходные файлы\Blackjack</Filter>
    </ClCompile>
    <ClCompile Include="Figure.cpp">
      <Filter>Исходные файлы</Filter>
    </ClCompile>
    <ClCompile Include="Fraction.cpp">
      <Filter>Исходные файлы</Filter>
    </ClCompile>
    <ClCompile Include="Card.cpp">
      <Filter>Исходные файлы\Blackjack</Filter>
    </ClCompile>
    <ClCompile Include="Car.cpp">
      <Filter>Исходные файлы</Filter>
    </ClCompile>
    <ClCompile Include="Hand.cpp">
      <Filter>Исходные файлы\Blackjack</Filter>
    </ClCompile>
    <ClCompile Include="GenericPlayer.cpp">
      <Filter>Исходные файлы\Blackjack</Filter>
    </ClCompile>
    <ClCompile Include="House.cpp">
      <Filter>Исходные файлы\Blackjack</Filter>
    </ClCompile>
  </ItemGroup>
  <ItemGroup>
    <ClInclude Include="Person.h">
      <Filter>Файлы заголовков</Filter>
    </ClInclude>
    <ClInclude Include="Fruit.h">
      <Filter>Файлы заголовков</Filter>
    </ClInclude>
    <ClInclude Include="BlackJack.h">
      <Filter>Файлы заголовков\BlackJack</Filter>
    </ClInclude>
    <ClInclude Include="Dealer.h">
      <Filter>Файлы заголовков\BlackJack</Filter>
    </ClInclude>
    <ClInclude Include="Player.h">
      <Filter>Файлы заголовков\BlackJack</Filter>
    </ClInclude>
    <ClInclude Include="Figure.h">
      <Filter>Файлы заголовков</Filter>
    </ClInclude>
    <ClInclude Include="Fraction.h">
      <Filter>Файлы заголовков</Filter>
    </ClInclude>
    <ClInclude Include="ArrayInt.h">
      <Filter>Файлы заголовков</Filter>
    </ClInclude>
    <ClInclude Include="Hand.h">
      <Filter>Файлы заголовков\BlackJack</Filter>
    </ClInclude>
    <ClInclude Include="Card.h">
      <Filter>Файлы заголовков\BlackJack</Filter>
    </ClInclude>
    <ClInclude Include="Car.h">
      <Filter>Файлы заголовков</Filter>
    </ClInclude>
    <ClInclude Include="Pair.h">
      <Filter>Файлы заголовков</Filter>
    </ClInclude>
    <ClInclude Include="GenericPlayer.h">
      <Filter>Файлы заголовков\BlackJack</Filter>
    </ClInclude>
    <ClInclude Include="House.h">
      <Filter>Файлы заголовков\BlackJack</Filter>
    </ClInclude>
  </ItemGroup>
</Project>